
Microsoft Visual Studio Solution File, Format Version 12.00
# Visual Studio Version 16
VisualStudioVersion = 16.0.808.4
MinimumVisualStudioVersion = 10.0.40219.1
Project("{FAE04EC0-301F-11D3-BF4B-00C04F79EFBC}") = "OOPExample", "OOPExample\OOPExample.csproj", "{BACC9B4F-4E93-4109-A936-69A00F4DBCDD}"
EndProject
Global
	GlobalSection(SolutionConfigurationPlatforms) = preSolution
		Debug|Any CPU = Debug|Any CPU
		Release|Any CPU = Release|Any CPU
	EndGlobalSection
	GlobalSection(ProjectConfigurationPlatforms) = postSolution
		{BACC9B4F-4E93-4109-A936-69A00F4DBCDD}.Debug|Any CPU.ActiveCfg = Debug|Any CPU
		{BACC9B4F-4E93-4109-A936-69A00F4DBCDD}.Debug|Any CPU.Build.0 = Debug|Any CPU
		{BACC9B4F-4E93-4109-A936-69A00F4DBCDD}.Release|Any CPU.ActiveCfg = Release|Any CPU
		{BACC9B4F-4E93-4109-A936-69A00F4DBCDD}.Release|Any CPU.Build.0 = Release|Any CPU
	EndGlobalSection
	GlobalSection(SolutionProperties) = preSolution
		HideSolutionNode = FALSE
	EndGlobalSection
	GlobalSection(ExtensibilityGlobals) = postSolution
		SolutionGuid = {4B4FDCBF-B645-44BE-ADA3-9FAEE5F25739}
	EndGlobalSection
EndGlobal
